// !$*UTF8*$!
{
	archiveVersion = 1;
	classes = {
	};
	objectVersion = 50;
	objects = {

/* Begin PBXBuildFile section */
		59E5939223CCC1FF006BB177 /* AppDelegate.swift in Sources */ = {isa = PBXBuildFile; fileRef = 59E5939123CCC1FF006BB177 /* AppDelegate.swift */; };
		59E5939423CCC1FF006BB177 /* SceneDelegate.swift in Sources */ = {isa = PBXBuildFile; fileRef = 59E5939323CCC1FF006BB177 /* SceneDelegate.swift */; };
		59E5939623CCC1FF006BB177 /* ContentView.swift in Sources */ = {isa = PBXBuildFile; fileRef = 59E5939523CCC1FF006BB177 /* ContentView.swift */; };
		59E5939823CCC205006BB177 /* Assets.xcassets in Resources */ = {isa = PBXBuildFile; fileRef = 59E5939723CCC205006BB177 /* Assets.xcassets */; };
		59E5939B23CCC205006BB177 /* Preview Assets.xcassets in Resources */ = {isa = PBXBuildFile; fileRef = 59E5939A23CCC205006BB177 /* Preview Assets.xcassets */; };
		59E5939E23CCC205006BB177 /* LaunchScreen.storyboard in Resources */ = {isa = PBXBuildFile; fileRef = 59E5939C23CCC205006BB177 /* LaunchScreen.storyboard */; };
		59E593A723CCC28A006BB177 /* LinkPreviewView.swift in Sources */ = {isa = PBXBuildFile; fileRef = 59E593A623CCC28A006BB177 /* LinkPreviewView.swift */; };
/* End PBXBuildFile section */

/* Begin PBXFileReference section */
		59E5938E23CCC1FF006BB177 /* capit.app */ = {isa = PBXFileReference; explicitFileType = wrapper.application; includeInIndex = 0; path = capit.app; sourceTree = BUILT_PRODUCTS_DIR; };
		59E5939123CCC1FF006BB177 /* AppDelegate.swift */ = {isa = PBXFileReference; lastKnownFileType = sourcecode.swift; path = AppDelegate.swift; sourceTree = "<group>"; };
		59E5939323CCC1FF006BB177 /* SceneDelegate.swift */ = {isa = PBXFileReference; lastKnownFileType = sourcecode.swift; path = SceneDelegate.swift; sourceTree = "<group>"; };
		59E5939523CCC1FF006BB177 /* ContentView.swift */ = {isa = PBXFileReference; lastKnownFileType = sourcecode.swift; path = ContentView.swift; sourceTree = "<group>"; };
		59E5939723CCC205006BB177 /* Assets.xcassets */ = {isa = PBXFileReference; lastKnownFileType = folder.assetcatalog; path = Assets.xcassets; sourceTree = "<group>"; };
		59E5939A23CCC205006BB177 /* Preview Assets.xcassets */ = {isa = PBXFileReference; lastKnownFileType = folder.assetcatalog; path = "Preview Assets.xcassets"; sourceTree = "<group>"; };
		59E5939D23CCC205006BB177 /* Base */ = {isa = PBXFileReference; lastKnownFileType = file.storyboard; name = Base; path = Base.lproj/LaunchScreen.storyboard; sourceTree = "<group>"; };
		59E5939F23CCC205006BB177 /* Info.plist */ = {isa = PBXFileReference; lastKnownFileType = text.plist.xml; path = Info.plist; sourceTree = "<group>"; };
		59E593A623CCC28A006BB177 /* LinkPreviewView.swift */ = {isa = PBXFileReference; lastKnownFileType = sourcecode.swift; path = LinkPreviewView.swift; sourceTree = "<group>"; };
		59E593A823CCCA14006BB177 /* capit.entitlements */ = {isa = PBXFileReference; lastKnownFileType = text.plist.entitlements; path = capit.entitlements; sourceTree = "<group>"; };
/* End PBXFileReference section */

/* Begin PBXFrameworksBuildPhase section */
		59E5938B23CCC1FF006BB177 /* Frameworks */ = {
			isa = PBXFrameworksBuildPhase;
			buildActionMask = 2147483647;
			files = (
			);
			runOnlyForDeploymentPostprocessing = 0;
		};
/* End PBXFrameworksBuildPhase section */

/* Begin PBXGroup section */
		59E5938523CCC1FF006BB177 = {
			isa = PBXGroup;
			children = (
				59E5939023CCC1FF006BB177 /* capit */,
				59E5938F23CCC1FF006BB177 /* Products */,
			);
			sourceTree = "<group>";
		};
		59E5938F23CCC1FF006BB177 /* Products */ = {
			isa = PBXGroup;
			children = (
				59E5938E23CCC1FF006BB177 /* capit.app */,
			);
			name = Products;
			sourceTree = "<group>";
		};
		59E5939023CCC1FF006BB177 /* capit */ = {
			isa = PBXGroup;
			children = (
				59E593A823CCCA14006BB177 /* capit.entitlements */,
				59E593A523CCC23F006BB177 /* View */,
				59E5939123CCC1FF006BB177 /* AppDelegate.swift */,
				59E5939323CCC1FF006BB177 /* SceneDelegate.swift */,
				59E5939523CCC1FF006BB177 /* ContentView.swift */,
				59E5939723CCC205006BB177 /* Assets.xcassets */,
				59E5939C23CCC205006BB177 /* LaunchScreen.storyboard */,
				59E5939F23CCC205006BB177 /* Info.plist */,
				59E5939923CCC205006BB177 /* Preview Content */,
			);
			path = capit;
			sourceTree = "<group>";
		};
		59E5939923CCC205006BB177 /* Preview Content */ = {
			isa = PBXGroup;
			children = (
				59E5939A23CCC205006BB177 /* Preview Assets.xcassets */,
			);
			path = "Preview Content";
			sourceTree = "<group>";
		};
		59E593A523CCC23F006BB177 /* View */ = {
			isa = PBXGroup;
			children = (
				59E593A623CCC28A006BB177 /* LinkPreviewView.swift */,
			);
			path = View;
			sourceTree = "<group>";
		};
/* End PBXGroup section */

/* Begin PBXNativeTarget section */
		59E5938D23CCC1FF006BB177 /* capit */ = {
			isa = PBXNativeTarget;
			buildConfigurationList = 59E593A223CCC205006BB177 /* Build configuration list for PBXNativeTarget "capit" */;
			buildPhases = (
				59E5938A23CCC1FF006BB177 /* Sources */,
				59E5938B23CCC1FF006BB177 /* Frameworks */,
				59E5938C23CCC1FF006BB177 /* Resources */,
			);
			buildRules = (
			);
			dependencies = (
			);
			name = capit;
			productName = capit;
			productReference = 59E5938E23CCC1FF006BB177 /* capit.app */;
			productType = "com.apple.product-type.application";
		};
/* End PBXNativeTarget section */

/* Begin PBXProject section */
		59E5938623CCC1FF006BB177 /* Project object */ = {
			isa = PBXProject;
			attributes = {
				LastSwiftUpdateCheck = 1130;
				LastUpgradeCheck = 1130;
				ORGANIZATIONNAME = "Thoams Yang";
				TargetAttributes = {
					59E5938D23CCC1FF006BB177 = {
						CreatedOnToolsVersion = 11.3;
					};
				};
			};
			buildConfigurationList = 59E5938923CCC1FF006BB177 /* Build configuration list for PBXProject "capit" */;
			compatibilityVersion = "Xcode 9.3";
			developmentRegion = en;
			hasScannedForEncodings = 0;
			knownRegions = (
				en,
				Base,
			);
			mainGroup = 59E5938523CCC1FF006BB177;
			productRefGroup = 59E5938F23CCC1FF006BB177 /* Products */;
			projectDirPath = "";
			projectRoot = "";
			targets = (
				59E5938D23CCC1FF006BB177 /* capit */,
			);
		};
/* End PBXProject section */

/* Begin PBXResourcesBuildPhase section */
		59E5938C23CCC1FF006BB177 /* Resources */ = {
			isa = PBXResourcesBuildPhase;
			buildActionMask = 2147483647;
			files = (
				59E5939E23CCC205006BB177 /* LaunchScreen.storyboard in Resources */,
				59E5939B23CCC205006BB177 /* Preview Assets.xcassets in Resources */,
				59E5939823CCC205006BB177 /* Assets.xcassets in Resources */,
			);
			runOnlyForDeploymentPostprocessing = 0;
		};
/* End PBXResourcesBuildPhase section */

/* Begin PBXSourcesBuildPhase section */
		59E5938A23CCC1FF006BB177 /* Sources */ = {
			isa = PBXSourcesBuildPhase;
			buildActionMask = 2147483647;
			files = (
				59E5939223CCC1FF006BB177 /* AppDelegate.swift in Sources */,
				59E5939423CCC1FF006BB177 /* SceneDelegate.swift in Sources */,
				59E5939623CCC1FF006BB177 /* ContentView.swift in Sources */,
				59E593A723CCC28A006BB177 /* LinkPreviewView.swift in Sources */,
			);
			runOnlyForDeploymentPostprocessing = 0;
		};
/* End PBXSourcesBuildPhase section */

/* Begin PBXVariantGroup section */
		59E5939C23CCC205006BB177 /* LaunchScreen.storyboard */ = {
			isa = PBXVariantGroup;
			children = (
				59E5939D23CCC205006BB177 /* Base */,
			);
			name = LaunchScreen.storyboard;
			sourceTree = "<group>";
		};
/* End PBXVariantGroup section */

/* Begin XCBuildConfiguration section */
		59E593A023CCC205006BB177 /* Debug */ = {
			isa = XCBuildConfiguration;
			buildSettings = {
				ALWAYS_SEARCH_USER_PATHS = NO;
				CLANG_ANALYZER_NONNULL = YES;
				CLANG_ANALYZER_NUMBER_OBJECT_CONVERSION = YES_AGGRESSIVE;
				CLANG_CXX_LANGUAGE_STANDARD = "gnu++14";
				CLANG_CXX_LIBRARY = "libc++";
				CLANG_ENABLE_MODULES = YES;
				CLANG_ENABLE_OBJC_ARC = YES;
				CLANG_ENABLE_OBJC_WEAK = YES;
				CLANG_WARN_BLOCK_CAPTURE_AUTORELEASING = YES;
				CLANG_WARN_BOOL_CONVERSION = YES;
				CLANG_WARN_COMMA = YES;
				CLANG_WARN_CONSTANT_CONVERSION = YES;
				CLANG_WARN_DEPRECATED_OBJC_IMPLEMENTATIONS = YES;
				CLANG_WARN_DIRECT_OBJC_ISA_USAGE = YES_ERROR;
				CLANG_WARN_DOCUMENTATION_COMMENTS = YES;
				CLANG_WARN_EMPTY_BODY = YES;
				CLANG_WARN_ENUM_CONVERSION = YES;
				CLANG_WARN_INFINITE_RECURSION = YES;
				CLANG_WARN_INT_CONVERSION = YES;
				CLANG_WARN_NON_LITERAL_NULL_CONVERSION = YES;
				CLANG_WARN_OBJC_IMPLICIT_RETAIN_SELF = YES;
				CLANG_WARN_OBJC_LITERAL_CONVERSION = YES;
				CLANG_WARN_OBJC_ROOT_CLASS = YES_ERROR;
				CLANG_WARN_RANGE_LOOP_ANALYSIS = YES;
				CLANG_WARN_STRICT_PROTOTYPES = YES;
				CLANG_WARN_SUSPICIOUS_MOVE = YES;
				CLANG_WARN_UNGUARDED_AVAILABILITY = YES_AGGRESSIVE;
				CLANG_WARN_UNREACHABLE_CODE = YES;
				CLANG_WARN__DUPLICATE_METHOD_MATCH = YES;
				COPY_PHASE_STRIP = NO;
				DEBUG_INFORMATION_FORMAT = dwarf;
				ENABLE_STRICT_OBJC_MSGSEND = YES;
				ENABLE_TESTABILITY = YES;
				GCC_C_LANGUAGE_STANDARD = gnu11;
				GCC_DYNAMIC_NO_PIC = NO;
				GCC_NO_COMMON_BLOCKS = YES;
				GCC_OPTIMIZATION_LEVEL = 0;
				GCC_PREPROCESSOR_DEFINITIONS = (
					"DEBUG=1",
					"$(inherited)",
				);
				GCC_WARN_64_TO_32_BIT_CONVERSION = YES;
				GCC_WARN_ABOUT_RETURN_TYPE = YES_ERROR;
				GCC_WARN_UNDECLARED_SELECTOR = YES;
				GCC_WARN_UNINITIALIZED_AUTOS = YES_AGGRESSIVE;
				GCC_WARN_UNUSED_FUNCTION = YES;
				GCC_WARN_UNUSED_VARIABLE = YES;
				IPHONEOS_DEPLOYMENT_TARGET = 13.2;
				MTL_ENABLE_DEBUG_INFO = INCLUDE_SOURCE;
				MTL_FAST_MATH = YES;
				ONLY_ACTIVE_ARCH = YES;
				SDKROOT = iphoneos;
				SWIFT_ACTIVE_COMPILATION_CONDITIONS = DEBUG;
				SWIFT_OPTIMIZATION_LEVEL = "-Onone";
			};
			name = Debug;
		};
		59E593A123CCC205006BB177 /* Release */ = {
			isa = XCBuildConfiguration;
			buildSettings = {
				ALWAYS_SEARCH_USER_PATHS = NO;
				CLANG_ANALYZER_NONNULL = YES;
				CLANG_ANALYZER_NUMBER_OBJECT_CONVERSION = YES_AGGRESSIVE;
				CLANG_CXX_LANGUAGE_STANDARD = "gnu++14";
				CLANG_CXX_LIBRARY = "libc++";
				CLANG_ENABLE_MODULES = YES;
				CLANG_ENABLE_OBJC_ARC = YES;
				CLANG_ENABLE_OBJC_WEAK = YES;
				CLANG_WARN_BLOCK_CAPTURE_AUTORELEASING = YES;
				CLANG_WARN_BOOL_CONVERSION = YES;
				CLANG_WARN_COMMA = YES;
				CLANG_WARN_CONSTANT_CONVERSION = YES;
				CLANG_WARN_DEPRECATED_OBJC_IMPLEMENTATIONS = YES;
				CLANG_WARN_DIRECT_OBJC_ISA_USAGE = YES_ERROR;
				CLANG_WARN_DOCUMENTATION_COMMENTS = YES;
				CLANG_WARN_EMPTY_BODY = YES;
				CLANG_WARN_ENUM_CONVERSION = YES;
				CLANG_WARN_INFINITE_RECURSION = YES;
				CLANG_WARN_INT_CONVERSION = YES;
				CLANG_WARN_NON_LITERAL_NULL_CONVERSION = YES;
				CLANG_WARN_OBJC_IMPLICIT_RETAIN_SELF = YES;
				CLANG_WARN_OBJC_LITERAL_CONVERSION = YES;
				CLANG_WARN_OBJC_ROOT_CLASS = YES_ERROR;
				CLANG_WARN_RANGE_LOOP_ANALYSIS = YES;
				CLANG_WARN_STRICT_PROTOTYPES = YES;
				CLANG_WARN_SUSPICIOUS_MOVE = YES;
				CLANG_WARN_UNGUARDED_AVAILABILITY = YES_AGGRESSIVE;
				CLANG_WARN_UNREACHABLE_CODE = YES;
				CLANG_WARN__DUPLICATE_METHOD_MATCH = YES;
				COPY_PHASE_STRIP = NO;
				DEBUG_INFORMATION_FORMAT = "dwarf-with-dsym";
				ENABLE_NS_ASSERTIONS = NO;
				ENABLE_STRICT_OBJC_MSGSEND = YES;
				GCC_C_LANGUAGE_STANDARD = gnu11;
				GCC_NO_COMMON_BLOCKS = YES;
				GCC_WARN_64_TO_32_BIT_CONVERSION = YES;
				GCC_WARN_ABOUT_RETURN_TYPE = YES_ERROR;
				GCC_WARN_UNDECLARED_SELECTOR = YES;
				GCC_WARN_UNINITIALIZED_AUTOS = YES_AGGRESSIVE;
				GCC_WARN_UNUSED_FUNCTION = YES;
				GCC_WARN_UNUSED_VARIABLE = YES;
				IPHONEOS_DEPLOYMENT_TARGET = 13.2;
				MTL_ENABLE_DEBUG_INFO = NO;
				MTL_FAST_MATH = YES;
				SDKROOT = iphoneos;
				SWIFT_COMPILATION_MODE = wholemodule;
				SWIFT_OPTIMIZATION_LEVEL = "-O";
				VALIDATE_PRODUCT = YES;
			};
			name = Release;
		};
		59E593A323CCC205006BB177 /* Debug */ = {
			isa = XCBuildConfiguration;
			buildSettings = {
				ASSETCATALOG_COMPILER_APPICON_NAME = AppIcon;
				CODE_SIGN_ENTITLEMENTS = capit/capit.entitlements;
				CODE_SIGN_STYLE = Automatic;
				DEVELOPMENT_ASSET_PATHS = "\"capit/Preview Content\"";
				DEVELOPMENT_TEAM = QAWWZVREY3;
				ENABLE_PREVIEWS = YES;
				INFOPLIST_FILE = capit/Info.plist;
				LD_RUNPATH_SEARCH_PATHS = (
					"$(inherited)",
					"@executable_path/Frameworks",
				);
				PRODUCT_BUNDLE_IDENTIFIER = com.thoamsy.capit;
				PRODUCT_NAME = "$(TARGET_NAME)";
				SWIFT_VERSION = 5.0;
				TARGETED_DEVICE_FAMILY = "1,2";
			};
			name = Debug;
		};
		59E593A423CCC205006BB177 /* Release */ = {
			isa = XCBuildConfiguration;
			buildSettings = {
				ASSETCATALOG_COMPILER_APPICON_NAME = AppIcon;
				CODE_SIGN_ENTITLEMENTS = capit/capit.entitlements;
				CODE_SIGN_STYLE = Automatic;
				DEVELOPMENT_ASSET_PATHS = "\"capit/Preview Content\"";
				DEVELOPMENT_TEAM = QAWWZVREY3;
				ENABLE_PREVIEWS = YES;
				INFOPLIST_FILE = capit/Info.plist;
				LD_RUNPATH_SEARCH_PATHS = (
					"$(inherited)",
					"@executable_path/Frameworks",
				);
				PRODUCT_BUNDLE_IDENTIFIER = com.thoamsy.capit;
				PRODUCT_NAME = "$(TARGET_NAME)";
				SWIFT_VERSION = 5.0;
				TARGETED_DEVICE_FAMILY = "1,2";
			};
			name = Release;
		};
/* End XCBuildConfiguration section */

/* Begin XCConfigurationList section */
		59E5938923CCC1FF006BB177 /* Build configuration list for PBXProject "capit" */ = {
			isa = XCConfigurationList;
			buildConfigurations = (
				59E593A023CCC205006BB177 /* Debug */,
				59E593A123CCC205006BB177 /* Release */,
			);
			defaultConfigurationIsVisible = 0;
			defaultConfigurationName = Release;
		};
		59E593A223CCC205006BB177 /* Build configuration list for PBXNativeTarget "capit" */ = {
			isa = XCConfigurationList;
			buildConfigurations = (
				59E593A323CCC205006BB177 /* Debug */,
				59E593A423CCC205006BB177 /* Release */,
			);
			defaultConfigurationIsVisible = 0;
			defaultConfigurationName = Release;
		};
/* End XCConfigurationList section */
	};
	rootObject = 59E5938623CCC1FF006BB177 /* Project object */;
}
